
Microsoft Visual Studio Solution File, Format Version 12.00
# Visual Studio Version 16
VisualStudioVersion = 16.0.30204.135
MinimumVisualStudioVersion = 10.0.40219.1
Project("{FAE04EC0-301F-11D3-BF4B-00C04F79EFBC}") = "CodeSignalSolutions", "CodeSignalSolutions\CodeSignalSolutions.csproj", "{CECBC46B-483F-42F6-A697-4C73CCB3A4DE}"
EndProject
Global
	GlobalSection(SolutionConfigurationPlatforms) = preSolution
		Debug|Any CPU = Debug|Any CPU
		Release|Any CPU = Release|Any CPU
	EndGlobalSection
	GlobalSection(ProjectConfigurationPlatforms) = postSolution
		{CECBC46B-483F-42F6-A697-4C73CCB3A4DE}.Debug|Any CPU.ActiveCfg = Debug|Any CPU
		{CECBC46B-483F-42F6-A697-4C73CCB3A4DE}.Debug|Any CPU.Build.0 = Debug|Any CPU
		{CECBC46B-483F-42F6-A697-4C73CCB3A4DE}.Release|Any CPU.ActiveCfg = Release|Any CPU
		{CECBC46B-483F-42F6-A697-4C73CCB3A4DE}.Release|Any CPU.Build.0 = Release|Any CPU
	EndGlobalSection
	GlobalSection(SolutionProperties) = preSolution
		HideSolutionNode = FALSE
	EndGlobalSection
	GlobalSection(ExtensibilityGlobals) = postSolution
		SolutionGuid = {5A080E4D-AAB6-4952-9BA5-440FBA73E1E6}
	EndGlobalSection
EndGlobal
